// !$*UTF8*$!
{
	archiveVersion = 1;
	classes = {
	};
	objectVersion = 50;
	objects = {

/* Begin PBXBuildFile section */
		2F1C8A38271AC1B600F2938D /* AppDelegate.swift in Sources */ = {isa = PBXBuildFile; fileRef = 2F1C8A37271AC1B600F2938D /* AppDelegate.swift */; };
		2F1C8A3A271AC1B600F2938D /* SceneDelegate.swift in Sources */ = {isa = PBXBuildFile; fileRef = 2F1C8A39271AC1B600F2938D /* SceneDelegate.swift */; };
		2F1C8A3C271AC1B600F2938D /* ViewController.swift in Sources */ = {isa = PBXBuildFile; fileRef = 2F1C8A3B271AC1B600F2938D /* ViewController.swift */; };
		2F1C8A3F271AC1B600F2938D /* Main.storyboard in Resources */ = {isa = PBXBuildFile; fileRef = 2F1C8A3D271AC1B600F2938D /* Main.storyboard */; };
		2F1C8A42271AC1B600F2938D /* ITAcademyTest.xcdatamodeld in Sources */ = {isa = PBXBuildFile; fileRef = 2F1C8A40271AC1B600F2938D /* ITAcademyTest.xcdatamodeld */; };
		2F1C8A44271AC1BE00F2938D /* Assets.xcassets in Resources */ = {isa = PBXBuildFile; fileRef = 2F1C8A43271AC1BE00F2938D /* Assets.xcassets */; };
		2F1C8A47271AC1BE00F2938D /* LaunchScreen.storyboard in Resources */ = {isa = PBXBuildFile; fileRef = 2F1C8A45271AC1BE00F2938D /* LaunchScreen.storyboard */; };
		2FEBCEBE272868E600F13121 /* ConstraintDEMOViewController.swift in Sources */ = {isa = PBXBuildFile; fileRef = 2FEBCEBD272868E600F13121 /* ConstraintDEMOViewController.swift */; };
/* End PBXBuildFile section */

/* Begin PBXFileReference section */
		2F1C8A34271AC1B600F2938D /* ITAcademyTest.app */ = {isa = PBXFileReference; explicitFileType = wrapper.application; includeInIndex = 0; path = ITAcademyTest.app; sourceTree = BUILT_PRODUCTS_DIR; };
		2F1C8A37271AC1B600F2938D /* AppDelegate.swift */ = {isa = PBXFileReference; lastKnownFileType = sourcecode.swift; path = AppDelegate.swift; sourceTree = "<group>"; };
		2F1C8A39271AC1B600F2938D /* SceneDelegate.swift */ = {isa = PBXFileReference; lastKnownFileType = sourcecode.swift; path = SceneDelegate.swift; sourceTree = "<group>"; };
		2F1C8A3B271AC1B600F2938D /* ViewController.swift */ = {isa = PBXFileReference; lastKnownFileType = sourcecode.swift; path = ViewController.swift; sourceTree = "<group>"; };
		2F1C8A3E271AC1B600F2938D /* Base */ = {isa = PBXFileReference; lastKnownFileType = file.storyboard; name = Base; path = Base.lproj/Main.storyboard; sourceTree = "<group>"; };
		2F1C8A41271AC1B600F2938D /* ITAcademyTest.xcdatamodel */ = {isa = PBXFileReference; lastKnownFileType = wrapper.xcdatamodel; path = ITAcademyTest.xcdatamodel; sourceTree = "<group>"; };
		2F1C8A43271AC1BE00F2938D /* Assets.xcassets */ = {isa = PBXFileReference; lastKnownFileType = folder.assetcatalog; path = Assets.xcassets; sourceTree = "<group>"; };
		2F1C8A46271AC1BE00F2938D /* Base */ = {isa = PBXFileReference; lastKnownFileType = file.storyboard; name = Base; path = Base.lproj/LaunchScreen.storyboard; sourceTree = "<group>"; };
		2F1C8A48271AC1BE00F2938D /* Info.plist */ = {isa = PBXFileReference; lastKnownFileType = text.plist.xml; path = Info.plist; sourceTree = "<group>"; };
		2FEBCEBD272868E600F13121 /* ConstraintDEMOViewController.swift */ = {isa = PBXFileReference; lastKnownFileType = sourcecode.swift; path = ConstraintDEMOViewController.swift; sourceTree = "<group>"; };
/* End PBXFileReference section */

/* Begin PBXFrameworksBuildPhase section */
		2F1C8A31271AC1B600F2938D /* Frameworks */ = {
			isa = PBXFrameworksBuildPhase;
			buildActionMask = 2147483647;
			files = (
			);
			runOnlyForDeploymentPostprocessing = 0;
		};
/* End PBXFrameworksBuildPhase section */

/* Begin PBXGroup section */
		2F1C8A2B271AC1B600F2938D = {
			isa = PBXGroup;
			children = (
				2F1C8A36271AC1B600F2938D /* ITAcademyTest */,
				2F1C8A35271AC1B600F2938D /* Products */,
			);
			sourceTree = "<group>";
		};
		2F1C8A35271AC1B600F2938D /* Products */ = {
			isa = PBXGroup;
			children = (
				2F1C8A34271AC1B600F2938D /* ITAcademyTest.app */,
			);
			name = Products;
			sourceTree = "<group>";
		};
		2F1C8A36271AC1B600F2938D /* ITAcademyTest */ = {
			isa = PBXGroup;
			children = (
				2F1C8A37271AC1B600F2938D /* AppDelegate.swift */,
				2F1C8A39271AC1B600F2938D /* SceneDelegate.swift */,
				2F1C8A3B271AC1B600F2938D /* ViewController.swift */,
				2F1C8A3D271AC1B600F2938D /* Main.storyboard */,
				2FEBCEBD272868E600F13121 /* ConstraintDEMOViewController.swift */,
				2F1C8A43271AC1BE00F2938D /* Assets.xcassets */,
				2F1C8A45271AC1BE00F2938D /* LaunchScreen.storyboard */,
				2F1C8A48271AC1BE00F2938D /* Info.plist */,
				2F1C8A40271AC1B600F2938D /* ITAcademyTest.xcdatamodeld */,
			);
			path = ITAcademyTest;
			sourceTree = "<group>";
		};
/* End PBXGroup section */

/* Begin PBXNativeTarget section */
		2F1C8A33271AC1B600F2938D /* ITAcademyTest */ = {
			isa = PBXNativeTarget;
			buildConfigurationList = 2F1C8A4B271AC1BE00F2938D /* Build configuration list for PBXNativeTarget "ITAcademyTest" */;
			buildPhases = (
				2F1C8A30271AC1B600F2938D /* Sources */,
				2F1C8A31271AC1B600F2938D /* Frameworks */,
				2F1C8A32271AC1B600F2938D /* Resources */,
			);
			buildRules = (
			);
			dependencies = (
			);
			name = ITAcademyTest;
			productName = ITAcademyTest;
			productReference = 2F1C8A34271AC1B600F2938D /* ITAcademyTest.app */;
			productType = "com.apple.product-type.application";
		};
/* End PBXNativeTarget section */

/* Begin PBXProject section */
		2F1C8A2C271AC1B600F2938D /* Project object */ = {
			isa = PBXProject;
			attributes = {
				LastSwiftUpdateCheck = 1240;
				LastUpgradeCheck = 1240;
				TargetAttributes = {
					2F1C8A33271AC1B600F2938D = {
						CreatedOnToolsVersion = 12.4;
					};
				};
			};
			buildConfigurationList = 2F1C8A2F271AC1B600F2938D /* Build configuration list for PBXProject "ITAcademyTest" */;
			compatibilityVersion = "Xcode 9.3";
			developmentRegion = en;
			hasScannedForEncodings = 0;
			knownRegions = (
				en,
				Base,
			);
			mainGroup = 2F1C8A2B271AC1B600F2938D;
			productRefGroup = 2F1C8A35271AC1B600F2938D /* Products */;
			projectDirPath = "";
			projectRoot = "";
			targets = (
				2F1C8A33271AC1B600F2938D /* ITAcademyTest */,
			);
		};
/* End PBXProject section */

/* Begin PBXResourcesBuildPhase section */
		2F1C8A32271AC1B600F2938D /* Resources */ = {
			isa = PBXResourcesBuildPhase;
			buildActionMask = 2147483647;
			files = (
				2F1C8A47271AC1BE00F2938D /* LaunchScreen.storyboard in Resources */,
				2F1C8A44271AC1BE00F2938D /* Assets.xcassets in Resources */,
				2F1C8A3F271AC1B600F2938D /* Main.storyboard in Resources */,
			);
			runOnlyForDeploymentPostprocessing = 0;
		};
/* End PBXResourcesBuildPhase section */

/* Begin PBXSourcesBuildPhase section */
		2F1C8A30271AC1B600F2938D /* Sources */ = {
			isa = PBXSourcesBuildPhase;
			buildActionMask = 2147483647;
			files = (
				2FEBCEBE272868E600F13121 /* ConstraintDEMOViewController.swift in Sources */,
				2F1C8A3C271AC1B600F2938D /* ViewController.swift in Sources */,
				2F1C8A38271AC1B600F2938D /* AppDelegate.swift in Sources */,
				2F1C8A3A271AC1B600F2938D /* SceneDelegate.swift in Sources */,
				2F1C8A42271AC1B600F2938D /* ITAcademyTest.xcdatamodeld in Sources */,
			);
			runOnlyForDeploymentPostprocessing = 0;
		};
/* End PBXSourcesBuildPhase section */

/* Begin PBXVariantGroup section */
		2F1C8A3D271AC1B600F2938D /* Main.storyboard */ = {
			isa = PBXVariantGroup;
			children = (
				2F1C8A3E271AC1B600F2938D /* Base */,
			);
			name = Main.storyboard;
			sourceTree = "<group>";
		};
		2F1C8A45271AC1BE00F2938D /* LaunchScreen.storyboard */ = {
			isa = PBXVariantGroup;
			children = (
				2F1C8A46271AC1BE00F2938D /* Base */,
			);
			name = LaunchScreen.storyboard;
			sourceTree = "<group>";
		};
/* End PBXVariantGroup section */

/* Begin XCBuildConfiguration section */
		2F1C8A49271AC1BE00F2938D /* Debug */ = {
			isa = XCBuildConfiguration;
			buildSettings = {
				ALWAYS_SEARCH_USER_PATHS = NO;
				CLANG_ANALYZER_NONNULL = YES;
				CLANG_ANALYZER_NUMBER_OBJECT_CONVERSION = YES_AGGRESSIVE;
				CLANG_CXX_LANGUAGE_STANDARD = "gnu++14";
				CLANG_CXX_LIBRARY = "libc++";
				CLANG_ENABLE_MODULES = YES;
				CLANG_ENABLE_OBJC_ARC = YES;
				CLANG_ENABLE_OBJC_WEAK = YES;
				CLANG_WARN_BLOCK_CAPTURE_AUTORELEASING = YES;
				CLANG_WARN_BOOL_CONVERSION = YES;
				CLANG_WARN_COMMA = YES;
				CLANG_WARN_CONSTANT_CONVERSION = YES;
				CLANG_WARN_DEPRECATED_OBJC_IMPLEMENTATIONS = YES;
				CLANG_WARN_DIRECT_OBJC_ISA_USAGE = YES_ERROR;
				CLANG_WARN_DOCUMENTATION_COMMENTS = YES;
				CLANG_WARN_EMPTY_BODY = YES;
				CLANG_WARN_ENUM_CONVERSION = YES;
				CLANG_WARN_INFINITE_RECURSION = YES;
				CLANG_WARN_INT_CONVERSION = YES;
				CLANG_WARN_NON_LITERAL_NULL_CONVERSION = YES;
				CLANG_WARN_OBJC_IMPLICIT_RETAIN_SELF = YES;
				CLANG_WARN_OBJC_LITERAL_CONVERSION = YES;
				CLANG_WARN_OBJC_ROOT_CLASS = YES_ERROR;
				CLANG_WARN_QUOTED_INCLUDE_IN_FRAMEWORK_HEADER = YES;
				CLANG_WARN_RANGE_LOOP_ANALYSIS = YES;
				CLANG_WARN_STRICT_PROTOTYPES = YES;
				CLANG_WARN_SUSPICIOUS_MOVE = YES;
				CLANG_WARN_UNGUARDED_AVAILABILITY = YES_AGGRESSIVE;
				CLANG_WARN_UNREACHABLE_CODE = YES;
				CLANG_WARN__DUPLICATE_METHOD_MATCH = YES;
				COPY_PHASE_STRIP = NO;
				DEBUG_INFORMATION_FORMAT = dwarf;
				ENABLE_STRICT_OBJC_MSGSEND = YES;
				ENABLE_TESTABILITY = YES;
				GCC_C_LANGUAGE_STANDARD = gnu11;
				GCC_DYNAMIC_NO_PIC = NO;
				GCC_NO_COMMON_BLOCKS = YES;
				GCC_OPTIMIZATION_LEVEL = 0;
				GCC_PREPROCESSOR_DEFINITIONS = (
					"DEBUG=1",
					"$(inherited)",
				);
				GCC_WARN_64_TO_32_BIT_CONVERSION = YES;
				GCC_WARN_ABOUT_RETURN_TYPE = YES_ERROR;
				GCC_WARN_UNDECLARED_SELECTOR = YES;
				GCC_WARN_UNINITIALIZED_AUTOS = YES_AGGRESSIVE;
				GCC_WARN_UNUSED_FUNCTION = YES;
				GCC_WARN_UNUSED_VARIABLE = YES;
				IPHONEOS_DEPLOYMENT_TARGET = 14.4;
				MTL_ENABLE_DEBUG_INFO = INCLUDE_SOURCE;
				MTL_FAST_MATH = YES;
				ONLY_ACTIVE_ARCH = YES;
				SDKROOT = iphoneos;
				SWIFT_ACTIVE_COMPILATION_CONDITIONS = DEBUG;
				SWIFT_OPTIMIZATION_LEVEL = "-Onone";
			};
			name = Debug;
		};
		2F1C8A4A271AC1BE00F2938D /* Release */ = {
			isa = XCBuildConfiguration;
			buildSettings = {
				ALWAYS_SEARCH_USER_PATHS = NO;
				CLANG_ANALYZER_NONNULL = YES;
				CLANG_ANALYZER_NUMBER_OBJECT_CONVERSION = YES_AGGRESSIVE;
				CLANG_CXX_LANGUAGE_STANDARD = "gnu++14";
				CLANG_CXX_LIBRARY = "libc++";
				CLANG_ENABLE_MODULES = YES;
				CLANG_ENABLE_OBJC_ARC = YES;
				CLANG_ENABLE_OBJC_WEAK = YES;
				CLANG_WARN_BLOCK_CAPTURE_AUTORELEASING = YES;
				CLANG_WARN_BOOL_CONVERSION = YES;
				CLANG_WARN_COMMA = YES;
				CLANG_WARN_CONSTANT_CONVERSION = YES;
				CLANG_WARN_DEPRECATED_OBJC_IMPLEMENTATIONS = YES;
				CLANG_WARN_DIRECT_OBJC_ISA_USAGE = YES_ERROR;
				CLANG_WARN_DOCUMENTATION_COMMENTS = YES;
				CLANG_WARN_EMPTY_BODY = YES;
				CLANG_WARN_ENUM_CONVERSION = YES;
				CLANG_WARN_INFINITE_RECURSION = YES;
				CLANG_WARN_INT_CONVERSION = YES;
				CLANG_WARN_NON_LITERAL_NULL_CONVERSION = YES;
				CLANG_WARN_OBJC_IMPLICIT_RETAIN_SELF = YES;
				CLANG_WARN_OBJC_LITERAL_CONVERSION = YES;
				CLANG_WARN_OBJC_ROOT_CLASS = YES_ERROR;
				CLANG_WARN_QUOTED_INCLUDE_IN_FRAMEWORK_HEADER = YES;
				CLANG_WARN_RANGE_LOOP_ANALYSIS = YES;
				CLANG_WARN_STRICT_PROTOTYPES = YES;
				CLANG_WARN_SUSPICIOUS_MOVE = YES;
				CLANG_WARN_UNGUARDED_AVAILABILITY = YES_AGGRESSIVE;
				CLANG_WARN_UNREACHABLE_CODE = YES;
				CLANG_WARN__DUPLICATE_METHOD_MATCH = YES;
				COPY_PHASE_STRIP = NO;
				DEBUG_INFORMATION_FORMAT = "dwarf-with-dsym";
				ENABLE_NS_ASSERTIONS = NO;
				ENABLE_STRICT_OBJC_MSGSEND = YES;
				GCC_C_LANGUAGE_STANDARD = gnu11;
				GCC_NO_COMMON_BLOCKS = YES;
				GCC_WARN_64_TO_32_BIT_CONVERSION = YES;
				GCC_WARN_ABOUT_RETURN_TYPE = YES_ERROR;
				GCC_WARN_UNDECLARED_SELECTOR = YES;
				GCC_WARN_UNINITIALIZED_AUTOS = YES_AGGRESSIVE;
				GCC_WARN_UNUSED_FUNCTION = YES;
				GCC_WARN_UNUSED_VARIABLE = YES;
				IPHONEOS_DEPLOYMENT_TARGET = 14.4;
				MTL_ENABLE_DEBUG_INFO = NO;
				MTL_FAST_MATH = YES;
				SDKROOT = iphoneos;
				SWIFT_COMPILATION_MODE = wholemodule;
				SWIFT_OPTIMIZATION_LEVEL = "-O";
				VALIDATE_PRODUCT = YES;
			};
			name = Release;
		};
		2F1C8A4C271AC1BE00F2938D /* Debug */ = {
			isa = XCBuildConfiguration;
			buildSettings = {
				ASSETCATALOG_COMPILER_APPICON_NAME = AppIcon;
				ASSETCATALOG_COMPILER_GLOBAL_ACCENT_COLOR_NAME = AccentColor;
				CODE_SIGN_STYLE = Automatic;
				INFOPLIST_FILE = ITAcademyTest/Info.plist;
				IPHONEOS_DEPLOYMENT_TARGET = 14.4;
				LD_RUNPATH_SEARCH_PATHS = (
					"$(inherited)",
					"@executable_path/Frameworks",
				);
				PRODUCT_BUNDLE_IDENTIFIER = Sandova.ITAcademyTest;
				PRODUCT_NAME = "$(TARGET_NAME)";
				SWIFT_VERSION = 5.0;
				TARGETED_DEVICE_FAMILY = "1,2";
			};
			name = Debug;
		};
		2F1C8A4D271AC1BE00F2938D /* Release */ = {
			isa = XCBuildConfiguration;
			buildSettings = {
				ASSETCATALOG_COMPILER_APPICON_NAME = AppIcon;
				ASSETCATALOG_COMPILER_GLOBAL_ACCENT_COLOR_NAME = AccentColor;
				CODE_SIGN_STYLE = Automatic;
				INFOPLIST_FILE = ITAcademyTest/Info.plist;
				IPHONEOS_DEPLOYMENT_TARGET = 14.4;
				LD_RUNPATH_SEARCH_PATHS = (
					"$(inherited)",
					"@executable_path/Frameworks",
				);
				PRODUCT_BUNDLE_IDENTIFIER = Sandova.ITAcademyTest;
				PRODUCT_NAME = "$(TARGET_NAME)";
				SWIFT_VERSION = 5.0;
				TARGETED_DEVICE_FAMILY = "1,2";
			};
			name = Release;
		};
/* End XCBuildConfiguration section */

/* Begin XCConfigurationList section */
		2F1C8A2F271AC1B600F2938D /* Build configuration list for PBXProject "ITAcademyTest" */ = {
			isa = XCConfigurationList;
			buildConfigurations = (
				2F1C8A49271AC1BE00F2938D /* Debug */,
				2F1C8A4A271AC1BE00F2938D /* Release */,
			);
			defaultConfigurationIsVisible = 0;
			defaultConfigurationName = Release;
		};
		2F1C8A4B271AC1BE00F2938D /* Build configuration list for PBXNativeTarget "ITAcademyTest" */ = {
			isa = XCConfigurationList;
			buildConfigurations = (
				2F1C8A4C271AC1BE00F2938D /* Debug */,
				2F1C8A4D271AC1BE00F2938D /* Release */,
			);
			defaultConfigurationIsVisible = 0;
			defaultConfigurationName = Release;
		};
/* End XCConfigurationList section */

/* Begin XCVersionGroup section */
		2F1C8A40271AC1B600F2938D /* ITAcademyTest.xcdatamodeld */ = {
			isa = XCVersionGroup;
			children = (
				2F1C8A41271AC1B600F2938D /* ITAcademyTest.xcdatamodel */,
			);
			currentVersion = 2F1C8A41271AC1B600F2938D /* ITAcademyTest.xcdatamodel */;
			path = ITAcademyTest.xcdatamodeld;
			sourceTree = "<group>";
			versionGroupType = wrapper.xcdatamodel;
		};
/* End XCVersionGroup section */
	};
	rootObject = 2F1C8A2C271AC1B600F2938D /* Project object */;
}
